// !$*UTF8*$!
{
	archiveVersion = 1;
	classes = {
	};
	objectVersion = 51;
	objects = {

/* Begin PBXBuildFile section */
		93364858EA608ECFBC44C658 /* Pods_EcoEats.framework in Frameworks */ = {isa = PBXBuildFile; fileRef = 1B9A6B9FCE75930C13B3A437 /* Pods_EcoEats.framework */; };
		AFC254182646E8E300EE0470 /* Store.swift in Sources */ = {isa = PBXBuildFile; fileRef = AFC254172646E8E300EE0470 /* Store.swift */; };
		AFC2541C2646E8F100EE0470 /* Item.swift in Sources */ = {isa = PBXBuildFile; fileRef = AFC2541B2646E8F100EE0470 /* Item.swift */; };
		AFC254202646EC9400EE0470 /* content.json in Resources */ = {isa = PBXBuildFile; fileRef = AFC2541F2646EC9400EE0470 /* content.json */; };
		AFDF3ED02646E4E4003CDB52 /* DataApp.swift in Sources */ = {isa = PBXBuildFile; fileRef = AFDF3ECF2646E4E4003CDB52 /* DataApp.swift */; };
		F42587262647BCF500023A39 /* ShopView.swift in Sources */ = {isa = PBXBuildFile; fileRef = F42587252647BCF500023A39 /* ShopView.swift */; };
		F43239C42646DB3D0076C2B4 /* EcoEatsApp.swift in Sources */ = {isa = PBXBuildFile; fileRef = F43239C32646DB3D0076C2B4 /* EcoEatsApp.swift */; };
		F43239C62646DB3D0076C2B4 /* MainView.swift in Sources */ = {isa = PBXBuildFile; fileRef = F43239C52646DB3D0076C2B4 /* MainView.swift */; };
		F43239C82646DB3F0076C2B4 /* Assets.xcassets in Resources */ = {isa = PBXBuildFile; fileRef = F43239C72646DB3F0076C2B4 /* Assets.xcassets */; };
		F43239CB2646DB3F0076C2B4 /* Preview Assets.xcassets in Resources */ = {isa = PBXBuildFile; fileRef = F43239CA2646DB3F0076C2B4 /* Preview Assets.xcassets */; };
		F43239D72646DBA60076C2B4 /* Launch Screen.storyboard in Resources */ = {isa = PBXBuildFile; fileRef = F43239D62646DBA60076C2B4 /* Launch Screen.storyboard */; };
		F43239DD2646DE200076C2B4 /* LoginView.swift in Sources */ = {isa = PBXBuildFile; fileRef = F43239DC2646DE200076C2B4 /* LoginView.swift */; };
		F4C826DB2646E32C00517A03 /* IntroductionView.swift in Sources */ = {isa = PBXBuildFile; fileRef = F4C826DA2646E32C00517A03 /* IntroductionView.swift */; };
		F4C826DD2646E4F000517A03 /* HexColorExtension.swift in Sources */ = {isa = PBXBuildFile; fileRef = F4C826DC2646E4F000517A03 /* HexColorExtension.swift */; };
		F4C826DF2646F07100517A03 /* UIScreenExtension.swift in Sources */ = {isa = PBXBuildFile; fileRef = F4C826DE2646F07100517A03 /* UIScreenExtension.swift */; };
		F4C826E12647920D00517A03 /* MainShopView.swift in Sources */ = {isa = PBXBuildFile; fileRef = F4C826E02647920D00517A03 /* MainShopView.swift */; };
		F4C826E52647AA9C00517A03 /* PromoView.swift in Sources */ = {isa = PBXBuildFile; fileRef = F4C826E42647AA9C00517A03 /* PromoView.swift */; };
/* End PBXBuildFile section */

/* Begin PBXFileReference section */
		12C38A2927AF88CA9CCB60B4 /* Pods-EcoEats.release.xcconfig */ = {isa = PBXFileReference; includeInIndex = 1; lastKnownFileType = text.xcconfig; name = "Pods-EcoEats.release.xcconfig"; path = "Target Support Files/Pods-EcoEats/Pods-EcoEats.release.xcconfig"; sourceTree = "<group>"; };
		1384DD835792A57D5A477B70 /* Pods-EcoEats.debug.xcconfig */ = {isa = PBXFileReference; includeInIndex = 1; lastKnownFileType = text.xcconfig; name = "Pods-EcoEats.debug.xcconfig"; path = "Target Support Files/Pods-EcoEats/Pods-EcoEats.debug.xcconfig"; sourceTree = "<group>"; };
		1B9A6B9FCE75930C13B3A437 /* Pods_EcoEats.framework */ = {isa = PBXFileReference; explicitFileType = wrapper.framework; includeInIndex = 0; path = Pods_EcoEats.framework; sourceTree = BUILT_PRODUCTS_DIR; };
		AFC254172646E8E300EE0470 /* Store.swift */ = {isa = PBXFileReference; lastKnownFileType = sourcecode.swift; path = Store.swift; sourceTree = "<group>"; };
		AFC2541B2646E8F100EE0470 /* Item.swift */ = {isa = PBXFileReference; lastKnownFileType = sourcecode.swift; path = Item.swift; sourceTree = "<group>"; };
		AFC2541F2646EC9400EE0470 /* content.json */ = {isa = PBXFileReference; fileEncoding = 4; lastKnownFileType = text.json; path = content.json; sourceTree = "<group>"; };
		AFDF3ECF2646E4E4003CDB52 /* DataApp.swift */ = {isa = PBXFileReference; lastKnownFileType = sourcecode.swift; path = DataApp.swift; sourceTree = "<group>"; };
		F42587252647BCF500023A39 /* ShopView.swift */ = {isa = PBXFileReference; lastKnownFileType = sourcecode.swift; path = ShopView.swift; sourceTree = "<group>"; };
		F43239C02646DB3D0076C2B4 /* EcoEats.app */ = {isa = PBXFileReference; explicitFileType = wrapper.application; includeInIndex = 0; path = EcoEats.app; sourceTree = BUILT_PRODUCTS_DIR; };
		F43239C32646DB3D0076C2B4 /* EcoEatsApp.swift */ = {isa = PBXFileReference; lastKnownFileType = sourcecode.swift; path = EcoEatsApp.swift; sourceTree = "<group>"; };
		F43239C52646DB3D0076C2B4 /* MainView.swift */ = {isa = PBXFileReference; lastKnownFileType = sourcecode.swift; path = MainView.swift; sourceTree = "<group>"; };
		F43239C72646DB3F0076C2B4 /* Assets.xcassets */ = {isa = PBXFileReference; lastKnownFileType = folder.assetcatalog; path = Assets.xcassets; sourceTree = "<group>"; };
		F43239CA2646DB3F0076C2B4 /* Preview Assets.xcassets */ = {isa = PBXFileReference; lastKnownFileType = folder.assetcatalog; path = "Preview Assets.xcassets"; sourceTree = "<group>"; };
		F43239CC2646DB3F0076C2B4 /* Info.plist */ = {isa = PBXFileReference; lastKnownFileType = text.plist.xml; path = Info.plist; sourceTree = "<group>"; };
		F43239D62646DBA60076C2B4 /* Launch Screen.storyboard */ = {isa = PBXFileReference; lastKnownFileType = file.storyboard; path = "Launch Screen.storyboard"; sourceTree = "<group>"; };
		F43239DC2646DE200076C2B4 /* LoginView.swift */ = {isa = PBXFileReference; lastKnownFileType = sourcecode.swift; path = LoginView.swift; sourceTree = "<group>"; };
		F4C826DA2646E32C00517A03 /* IntroductionView.swift */ = {isa = PBXFileReference; lastKnownFileType = sourcecode.swift; path = IntroductionView.swift; sourceTree = "<group>"; };
		F4C826DC2646E4F000517A03 /* HexColorExtension.swift */ = {isa = PBXFileReference; lastKnownFileType = sourcecode.swift; path = HexColorExtension.swift; sourceTree = "<group>"; };
		F4C826DE2646F07100517A03 /* UIScreenExtension.swift */ = {isa = PBXFileReference; lastKnownFileType = sourcecode.swift; path = UIScreenExtension.swift; sourceTree = "<group>"; };
		F4C826E02647920D00517A03 /* MainShopView.swift */ = {isa = PBXFileReference; lastKnownFileType = sourcecode.swift; path = MainShopView.swift; sourceTree = "<group>"; };
		F4C826E42647AA9C00517A03 /* PromoView.swift */ = {isa = PBXFileReference; lastKnownFileType = sourcecode.swift; path = PromoView.swift; sourceTree = "<group>"; };
/* End PBXFileReference section */

/* Begin PBXFrameworksBuildPhase section */
		F43239BD2646DB3D0076C2B4 /* Frameworks */ = {
			isa = PBXFrameworksBuildPhase;
			buildActionMask = 2147483647;
			files = (
				93364858EA608ECFBC44C658 /* Pods_EcoEats.framework in Frameworks */,
			);
			runOnlyForDeploymentPostprocessing = 0;
		};
/* End PBXFrameworksBuildPhase section */

/* Begin PBXGroup section */
		098C91C04B889DDA870E0A67 /* Frameworks */ = {
			isa = PBXGroup;
			children = (
				1B9A6B9FCE75930C13B3A437 /* Pods_EcoEats.framework */,
			);
			name = Frameworks;
			sourceTree = "<group>";
		};
		BBB57624B558794D54CBCDCB /* Pods */ = {
			isa = PBXGroup;
			children = (
				1384DD835792A57D5A477B70 /* Pods-EcoEats.debug.xcconfig */,
				12C38A2927AF88CA9CCB60B4 /* Pods-EcoEats.release.xcconfig */,
			);
			path = Pods;
			sourceTree = "<group>";
		};
		F43239B72646DB3D0076C2B4 = {
			isa = PBXGroup;
			children = (
				F43239C22646DB3D0076C2B4 /* EcoEats */,
				F43239C12646DB3D0076C2B4 /* Products */,
				BBB57624B558794D54CBCDCB /* Pods */,
				098C91C04B889DDA870E0A67 /* Frameworks */,
			);
			sourceTree = "<group>";
		};
		F43239C12646DB3D0076C2B4 /* Products */ = {
			isa = PBXGroup;
			children = (
				F43239C02646DB3D0076C2B4 /* EcoEats.app */,
			);
			name = Products;
			sourceTree = "<group>";
		};
		F43239C22646DB3D0076C2B4 /* EcoEats */ = {
			isa = PBXGroup;
			children = (
				F43239C32646DB3D0076C2B4 /* EcoEatsApp.swift */,
				F43239D22646DB620076C2B4 /* Views */,
				F43239D42646DB850076C2B4 /* Models */,
				F43239D82646DBFD0076C2B4 /* View Models */,
				F43239D52646DB8D0076C2B4 /* Resources */,
				F43239D32646DB720076C2B4 /* Launch Screen */,
				F43239DB2646DC1C0076C2B4 /* Helpers */,
				F43239CC2646DB3F0076C2B4 /* Info.plist */,
				F43239C92646DB3F0076C2B4 /* Preview Content */,
			);
			path = EcoEats;
			sourceTree = "<group>";
		};
		F43239C92646DB3F0076C2B4 /* Preview Content */ = {
			isa = PBXGroup;
			children = (
				F43239CA2646DB3F0076C2B4 /* Preview Assets.xcassets */,
			);
			path = "Preview Content";
			sourceTree = "<group>";
		};
		F43239D22646DB620076C2B4 /* Views */ = {
			isa = PBXGroup;
			children = (
				F43239C52646DB3D0076C2B4 /* MainView.swift */,
				F43239D92646DC0C0076C2B4 /* Login */,
				F43239DA2646DC110076C2B4 /* Shop */,
			);
			path = Views;
			sourceTree = "<group>";
		};
		F43239D32646DB720076C2B4 /* Launch Screen */ = {
			isa = PBXGroup;
			children = (
				F43239D62646DBA60076C2B4 /* Launch Screen.storyboard */,
			);
			path = "Launch Screen";
			sourceTree = "<group>";
		};
		F43239D42646DB850076C2B4 /* Models */ = {
			isa = PBXGroup;
			children = (
				AFC2541F2646EC9400EE0470 /* content.json */,
				AFDF3ECF2646E4E4003CDB52 /* DataApp.swift */,
				AFC254172646E8E300EE0470 /* Store.swift */,
				AFC2541B2646E8F100EE0470 /* Item.swift */,
			);
			path = Models;
			sourceTree = "<group>";
		};
		F43239D52646DB8D0076C2B4 /* Resources */ = {
			isa = PBXGroup;
			children = (
				F43239C72646DB3F0076C2B4 /* Assets.xcassets */,
			);
			path = Resources;
			sourceTree = "<group>";
		};
		F43239D82646DBFD0076C2B4 /* View Models */ = {
			isa = PBXGroup;
			children = (
			);
			path = "View Models";
			sourceTree = "<group>";
		};
		F43239D92646DC0C0076C2B4 /* Login */ = {
			isa = PBXGroup;
			children = (
				F4C826DA2646E32C00517A03 /* IntroductionView.swift */,
				F43239DC2646DE200076C2B4 /* LoginView.swift */,
			);
			path = Login;
			sourceTree = "<group>";
		};
		F43239DA2646DC110076C2B4 /* Shop */ = {
			isa = PBXGroup;
			children = (
				F4C826E02647920D00517A03 /* MainShopView.swift */,
				F4C826E42647AA9C00517A03 /* PromoView.swift */,
				F42587252647BCF500023A39 /* ShopView.swift */,
			);
			path = Shop;
			sourceTree = "<group>";
		};
		F43239DB2646DC1C0076C2B4 /* Helpers */ = {
			isa = PBXGroup;
			children = (
				F4C826DC2646E4F000517A03 /* HexColorExtension.swift */,
				F4C826DE2646F07100517A03 /* UIScreenExtension.swift */,
			);
			path = Helpers;
			sourceTree = "<group>";
		};
/* End PBXGroup section */

/* Begin PBXNativeTarget section */
		F43239BF2646DB3D0076C2B4 /* EcoEats */ = {
			isa = PBXNativeTarget;
			buildConfigurationList = F43239CF2646DB3F0076C2B4 /* Build configuration list for PBXNativeTarget "EcoEats" */;
			buildPhases = (
				F8B73981C46A7557C6A9D5F0 /* [CP] Check Pods Manifest.lock */,
				F43239BC2646DB3D0076C2B4 /* Sources */,
				F43239BD2646DB3D0076C2B4 /* Frameworks */,
				F43239BE2646DB3D0076C2B4 /* Resources */,
				5BE61470B38B3F9C1A0F6172 /* [CP] Embed Pods Frameworks */,
			);
			buildRules = (
			);
			dependencies = (
			);
			name = EcoEats;
			productName = EcoEats;
			productReference = F43239C02646DB3D0076C2B4 /* EcoEats.app */;
			productType = "com.apple.product-type.application";
		};
/* End PBXNativeTarget section */

/* Begin PBXProject section */
		F43239B82646DB3D0076C2B4 /* Project object */ = {
			isa = PBXProject;
			attributes = {
				LastSwiftUpdateCheck = 1250;
				LastUpgradeCheck = 1250;
				TargetAttributes = {
					F43239BF2646DB3D0076C2B4 = {
						CreatedOnToolsVersion = 12.5;
					};
				};
			};
			buildConfigurationList = F43239BB2646DB3D0076C2B4 /* Build configuration list for PBXProject "EcoEats" */;
			compatibilityVersion = "Xcode 9.3";
			developmentRegion = en;
			hasScannedForEncodings = 0;
			knownRegions = (
				en,
				Base,
			);
			mainGroup = F43239B72646DB3D0076C2B4;
			productRefGroup = F43239C12646DB3D0076C2B4 /* Products */;
			projectDirPath = "";
			projectRoot = "";
			targets = (
				F43239BF2646DB3D0076C2B4 /* EcoEats */,
			);
		};
/* End PBXProject section */

/* Begin PBXResourcesBuildPhase section */
		F43239BE2646DB3D0076C2B4 /* Resources */ = {
			isa = PBXResourcesBuildPhase;
			buildActionMask = 2147483647;
			files = (
				F43239D72646DBA60076C2B4 /* Launch Screen.storyboard in Resources */,
				F43239CB2646DB3F0076C2B4 /* Preview Assets.xcassets in Resources */,
				F43239C82646DB3F0076C2B4 /* Assets.xcassets in Resources */,
				AFC254202646EC9400EE0470 /* content.json in Resources */,
			);
			runOnlyForDeploymentPostprocessing = 0;
		};
/* End PBXResourcesBuildPhase section */

/* Begin PBXShellScriptBuildPhase section */
		5BE61470B38B3F9C1A0F6172 /* [CP] Embed Pods Frameworks */ = {
			isa = PBXShellScriptBuildPhase;
			buildActionMask = 2147483647;
			files = (
			);
			inputFileListPaths = (
				"${PODS_ROOT}/Target Support Files/Pods-EcoEats/Pods-EcoEats-frameworks-${CONFIGURATION}-input-files.xcfilelist",
			);
			name = "[CP] Embed Pods Frameworks";
			outputFileListPaths = (
				"${PODS_ROOT}/Target Support Files/Pods-EcoEats/Pods-EcoEats-frameworks-${CONFIGURATION}-output-files.xcfilelist",
			);
			runOnlyForDeploymentPostprocessing = 0;
			shellPath = /bin/sh;
			shellScript = "\"${PODS_ROOT}/Target Support Files/Pods-EcoEats/Pods-EcoEats-frameworks.sh\"\n";
			showEnvVarsInLog = 0;
		};
		F8B73981C46A7557C6A9D5F0 /* [CP] Check Pods Manifest.lock */ = {
			isa = PBXShellScriptBuildPhase;
			buildActionMask = 2147483647;
			files = (
			);
			inputFileListPaths = (
			);
			inputPaths = (
				"${PODS_PODFILE_DIR_PATH}/Podfile.lock",
				"${PODS_ROOT}/Manifest.lock",
			);
			name = "[CP] Check Pods Manifest.lock";
			outputFileListPaths = (
			);
			outputPaths = (
				"$(DERIVED_FILE_DIR)/Pods-EcoEats-checkManifestLockResult.txt",
			);
			runOnlyForDeploymentPostprocessing = 0;
			shellPath = /bin/sh;
			shellScript = "diff \"${PODS_PODFILE_DIR_PATH}/Podfile.lock\" \"${PODS_ROOT}/Manifest.lock\" > /dev/null\nif [ $? != 0 ] ; then\n    # print error to STDERR\n    echo \"error: The sandbox is not in sync with the Podfile.lock. Run 'pod install' or update your CocoaPods installation.\" >&2\n    exit 1\nfi\n# This output is used by Xcode 'outputs' to avoid re-running this script phase.\necho \"SUCCESS\" > \"${SCRIPT_OUTPUT_FILE_0}\"\n";
			showEnvVarsInLog = 0;
		};
/* End PBXShellScriptBuildPhase section */

/* Begin PBXSourcesBuildPhase section */
		F43239BC2646DB3D0076C2B4 /* Sources */ = {
			isa = PBXSourcesBuildPhase;
			buildActionMask = 2147483647;
			files = (
				AFC254182646E8E300EE0470 /* Store.swift in Sources */,
				F4C826E12647920D00517A03 /* MainShopView.swift in Sources */,
				F43239DD2646DE200076C2B4 /* LoginView.swift in Sources */,
				F4C826DF2646F07100517A03 /* UIScreenExtension.swift in Sources */,
				F4C826DD2646E4F000517A03 /* HexColorExtension.swift in Sources */,
				F4C826E52647AA9C00517A03 /* PromoView.swift in Sources */,
				F42587262647BCF500023A39 /* ShopView.swift in Sources */,
				F43239C62646DB3D0076C2B4 /* MainView.swift in Sources */,
				F4C826DB2646E32C00517A03 /* IntroductionView.swift in Sources */,
				F43239C42646DB3D0076C2B4 /* EcoEatsApp.swift in Sources */,
				AFDF3ED02646E4E4003CDB52 /* DataApp.swift in Sources */,
				AFC2541C2646E8F100EE0470 /* Item.swift in Sources */,
			);
			runOnlyForDeploymentPostprocessing = 0;
		};
/* End PBXSourcesBuildPhase section */

/* Begin XCBuildConfiguration section */
		F43239CD2646DB3F0076C2B4 /* Debug */ = {
			isa = XCBuildConfiguration;
			buildSettings = {
				ALWAYS_SEARCH_USER_PATHS = NO;
				CLANG_ANALYZER_NONNULL = YES;
				CLANG_ANALYZER_NUMBER_OBJECT_CONVERSION = YES_AGGRESSIVE;
				CLANG_CXX_LANGUAGE_STANDARD = "gnu++14";
				CLANG_CXX_LIBRARY = "libc++";
				CLANG_ENABLE_MODULES = YES;
				CLANG_ENABLE_OBJC_ARC = YES;
				CLANG_ENABLE_OBJC_WEAK = YES;
				CLANG_WARN_BLOCK_CAPTURE_AUTORELEASING = YES;
				CLANG_WARN_BOOL_CONVERSION = YES;
				CLANG_WARN_COMMA = YES;
				CLANG_WARN_CONSTANT_CONVERSION = YES;
				CLANG_WARN_DEPRECATED_OBJC_IMPLEMENTATIONS = YES;
				CLANG_WARN_DIRECT_OBJC_ISA_USAGE = YES_ERROR;
				CLANG_WARN_DOCUMENTATION_COMMENTS = YES;
				CLANG_WARN_EMPTY_BODY = YES;
				CLANG_WARN_ENUM_CONVERSION = YES;
				CLANG_WARN_INFINITE_RECURSION = YES;
				CLANG_WARN_INT_CONVERSION = YES;
				CLANG_WARN_NON_LITERAL_NULL_CONVERSION = YES;
				CLANG_WARN_OBJC_IMPLICIT_RETAIN_SELF = YES;
				CLANG_WARN_OBJC_LITERAL_CONVERSION = YES;
				CLANG_WARN_OBJC_ROOT_CLASS = YES_ERROR;
				CLANG_WARN_QUOTED_INCLUDE_IN_FRAMEWORK_HEADER = YES;
				CLANG_WARN_RANGE_LOOP_ANALYSIS = YES;
				CLANG_WARN_STRICT_PROTOTYPES = YES;
				CLANG_WARN_SUSPICIOUS_MOVE = YES;
				CLANG_WARN_UNGUARDED_AVAILABILITY = YES_AGGRESSIVE;
				CLANG_WARN_UNREACHABLE_CODE = YES;
				CLANG_WARN__DUPLICATE_METHOD_MATCH = YES;
				COPY_PHASE_STRIP = NO;
				DEBUG_INFORMATION_FORMAT = dwarf;
				ENABLE_STRICT_OBJC_MSGSEND = YES;
				ENABLE_TESTABILITY = YES;
				GCC_C_LANGUAGE_STANDARD = gnu11;
				GCC_DYNAMIC_NO_PIC = NO;
				GCC_NO_COMMON_BLOCKS = YES;
				GCC_OPTIMIZATION_LEVEL = 0;
				GCC_PREPROCESSOR_DEFINITIONS = (
					"DEBUG=1",
					"$(inherited)",
				);
				GCC_WARN_64_TO_32_BIT_CONVERSION = YES;
				GCC_WARN_ABOUT_RETURN_TYPE = YES_ERROR;
				GCC_WARN_UNDECLARED_SELECTOR = YES;
				GCC_WARN_UNINITIALIZED_AUTOS = YES_AGGRESSIVE;
				GCC_WARN_UNUSED_FUNCTION = YES;
				GCC_WARN_UNUSED_VARIABLE = YES;
				IPHONEOS_DEPLOYMENT_TARGET = 14.5;
				MTL_ENABLE_DEBUG_INFO = INCLUDE_SOURCE;
				MTL_FAST_MATH = YES;
				ONLY_ACTIVE_ARCH = YES;
				SDKROOT = iphoneos;
				SWIFT_ACTIVE_COMPILATION_CONDITIONS = DEBUG;
				SWIFT_OPTIMIZATION_LEVEL = "-Onone";
			};
			name = Debug;
		};
		F43239CE2646DB3F0076C2B4 /* Release */ = {
			isa = XCBuildConfiguration;
			buildSettings = {
				ALWAYS_SEARCH_USER_PATHS = NO;
				CLANG_ANALYZER_NONNULL = YES;
				CLANG_ANALYZER_NUMBER_OBJECT_CONVERSION = YES_AGGRESSIVE;
				CLANG_CXX_LANGUAGE_STANDARD = "gnu++14";
				CLANG_CXX_LIBRARY = "libc++";
				CLANG_ENABLE_MODULES = YES;
				CLANG_ENABLE_OBJC_ARC = YES;
				CLANG_ENABLE_OBJC_WEAK = YES;
				CLANG_WARN_BLOCK_CAPTURE_AUTORELEASING = YES;
				CLANG_WARN_BOOL_CONVERSION = YES;
				CLANG_WARN_COMMA = YES;
				CLANG_WARN_CONSTANT_CONVERSION = YES;
				CLANG_WARN_DEPRECATED_OBJC_IMPLEMENTATIONS = YES;
				CLANG_WARN_DIRECT_OBJC_ISA_USAGE = YES_ERROR;
				CLANG_WARN_DOCUMENTATION_COMMENTS = YES;
				CLANG_WARN_EMPTY_BODY = YES;
				CLANG_WARN_ENUM_CONVERSION = YES;
				CLANG_WARN_INFINITE_RECURSION = YES;
				CLANG_WARN_INT_CONVERSION = YES;
				CLANG_WARN_NON_LITERAL_NULL_CONVERSION = YES;
				CLANG_WARN_OBJC_IMPLICIT_RETAIN_SELF = YES;
				CLANG_WARN_OBJC_LITERAL_CONVERSION = YES;
				CLANG_WARN_OBJC_ROOT_CLASS = YES_ERROR;
				CLANG_WARN_QUOTED_INCLUDE_IN_FRAMEWORK_HEADER = YES;
				CLANG_WARN_RANGE_LOOP_ANALYSIS = YES;
				CLANG_WARN_STRICT_PROTOTYPES = YES;
				CLANG_WARN_SUSPICIOUS_MOVE = YES;
				CLANG_WARN_UNGUARDED_AVAILABILITY = YES_AGGRESSIVE;
				CLANG_WARN_UNREACHABLE_CODE = YES;
				CLANG_WARN__DUPLICATE_METHOD_MATCH = YES;
				COPY_PHASE_STRIP = NO;
				DEBUG_INFORMATION_FORMAT = "dwarf-with-dsym";
				ENABLE_NS_ASSERTIONS = NO;
				ENABLE_STRICT_OBJC_MSGSEND = YES;
				GCC_C_LANGUAGE_STANDARD = gnu11;
				GCC_NO_COMMON_BLOCKS = YES;
				GCC_WARN_64_TO_32_BIT_CONVERSION = YES;
				GCC_WARN_ABOUT_RETURN_TYPE = YES_ERROR;
				GCC_WARN_UNDECLARED_SELECTOR = YES;
				GCC_WARN_UNINITIALIZED_AUTOS = YES_AGGRESSIVE;
				GCC_WARN_UNUSED_FUNCTION = YES;
				GCC_WARN_UNUSED_VARIABLE = YES;
				IPHONEOS_DEPLOYMENT_TARGET = 14.5;
				MTL_ENABLE_DEBUG_INFO = NO;
				MTL_FAST_MATH = YES;
				SDKROOT = iphoneos;
				SWIFT_COMPILATION_MODE = wholemodule;
				SWIFT_OPTIMIZATION_LEVEL = "-O";
				VALIDATE_PRODUCT = YES;
			};
			name = Release;
		};
		F43239D02646DB3F0076C2B4 /* Debug */ = {
			isa = XCBuildConfiguration;
			baseConfigurationReference = 1384DD835792A57D5A477B70 /* Pods-EcoEats.debug.xcconfig */;
			buildSettings = {
				ASSETCATALOG_COMPILER_APPICON_NAME = AppIcon;
				ASSETCATALOG_COMPILER_GLOBAL_ACCENT_COLOR_NAME = AccentColor;
				CODE_SIGN_STYLE = Automatic;
				DEVELOPMENT_ASSET_PATHS = "\"EcoEats/Preview Content\"";
				DEVELOPMENT_TEAM = WMFKF24VVS;
				ENABLE_PREVIEWS = YES;
				INFOPLIST_FILE = EcoEats/Info.plist;
				IPHONEOS_DEPLOYMENT_TARGET = 14.1;
				LD_RUNPATH_SEARCH_PATHS = (
					"$(inherited)",
					"@executable_path/Frameworks",
				);
				PRODUCT_BUNDLE_IDENTIFIER = com.tohacks21.EcoEats;
				PRODUCT_NAME = "$(TARGET_NAME)";
				SWIFT_VERSION = 5.0;
				TARGETED_DEVICE_FAMILY = 1;
			};
			name = Debug;
		};
		F43239D12646DB3F0076C2B4 /* Release */ = {
			isa = XCBuildConfiguration;
			baseConfigurationReference = 12C38A2927AF88CA9CCB60B4 /* Pods-EcoEats.release.xcconfig */;
			buildSettings = {
				ASSETCATALOG_COMPILER_APPICON_NAME = AppIcon;
				ASSETCATALOG_COMPILER_GLOBAL_ACCENT_COLOR_NAME = AccentColor;
				CODE_SIGN_STYLE = Automatic;
				DEVELOPMENT_ASSET_PATHS = "\"EcoEats/Preview Content\"";
				DEVELOPMENT_TEAM = WMFKF24VVS;
				ENABLE_PREVIEWS = YES;
				INFOPLIST_FILE = EcoEats/Info.plist;
				IPHONEOS_DEPLOYMENT_TARGET = 14.1;
				LD_RUNPATH_SEARCH_PATHS = (
					"$(inherited)",
					"@executable_path/Frameworks",
				);
				PRODUCT_BUNDLE_IDENTIFIER = com.tohacks21.EcoEats;
				PRODUCT_NAME = "$(TARGET_NAME)";
				SWIFT_VERSION = 5.0;
				TARGETED_DEVICE_FAMILY = 1;
			};
			name = Release;
		};
/* End XCBuildConfiguration section */

/* Begin XCConfigurationList section */
		F43239BB2646DB3D0076C2B4 /* Build configuration list for PBXProject "EcoEats" */ = {
			isa = XCConfigurationList;
			buildConfigurations = (
				F43239CD2646DB3F0076C2B4 /* Debug */,
				F43239CE2646DB3F0076C2B4 /* Release */,
			);
			defaultConfigurationIsVisible = 0;
			defaultConfigurationName = Release;
		};
		F43239CF2646DB3F0076C2B4 /* Build configuration list for PBXNativeTarget "EcoEats" */ = {
			isa = XCConfigurationList;
			buildConfigurations = (
				F43239D02646DB3F0076C2B4 /* Debug */,
				F43239D12646DB3F0076C2B4 /* Release */,
			);
			defaultConfigurationIsVisible = 0;
			defaultConfigurationName = Release;
		};
/* End XCConfigurationList section */
	};
	rootObject = F43239B82646DB3D0076C2B4 /* Project object */;
}
